schema: '2.0'
stages:
  preprocess:
    cmd: python src/data_preprocessing.py > logs/data_preprocessing.log 2>&1
    deps:
    - path: data/raw/global-data-on-sustainable-energy.csv
      hash: md5
      md5: db5ea6ee3f6863fef4d774b54886ac7f
      size: 513817
      isexec: true
    - path: params.yaml
      hash: md5
      md5: 6312cb5ed23914bb07ee987554902a3f
      size: 1135
      isexec: true
    - path: src/data_preprocessing.py
      hash: md5
      md5: fa2df388a39d8549dc7cb1ca3ee79274
      size: 4243
      isexec: true
    outs:
    - path: data/preprocessed/global_sustainable_energy_preprocessed2.csv
      hash: md5
      md5: 9281ad7cfc4b813d9e061f042fe46490
      size: 4263522
      isexec: true
  feature_engineering:
    cmd: python src/feature_engineering.py > logs/feature_engineering.log 2>&1
    deps:
    - path: data/preprocessed/global_sustainable_energy_preprocessed2.csv
      hash: md5
      md5: 9281ad7cfc4b813d9e061f042fe46490
      size: 4263522
      isexec: true
    - path: params.yaml
      hash: md5
      md5: 6312cb5ed23914bb07ee987554902a3f
      size: 1135
      isexec: true
    - path: src/feature_engineering.py
      hash: md5
      md5: 05699bae961a91b9045f12bb430a810a
      size: 3071
      isexec: true
    outs:
    - path: data/preprocessed/test.csv
      hash: md5
      md5: f5d2bfcb449e5c0cda5fe924acceeee9
      size: 905661
      isexec: true
    - path: data/preprocessed/train.csv
      hash: md5
      md5: c584eaa8f7b1bb49933b724ff9ad0a0d
      size: 3614930
      isexec: true
  model_building:
    cmd: python src/model_building.py > logs/model_building.log 2>&1
    deps:
    - path: data/preprocessed/test.csv
      hash: md5
      md5: f5d2bfcb449e5c0cda5fe924acceeee9
      size: 905661
      isexec: true
    - path: data/preprocessed/train.csv
      hash: md5
      md5: c584eaa8f7b1bb49933b724ff9ad0a0d
      size: 3614930
      isexec: true
    - path: params.yaml
      hash: md5
      md5: 6312cb5ed23914bb07ee987554902a3f
      size: 1135
      isexec: true
    - path: src/model_building.py
      hash: md5
      md5: 978860d6a7cacf2db28c47f995fbad06
      size: 4801
      isexec: true
    outs:
    - path: model/model.pkl
      hash: md5
      md5: b78cf8e1b0839f78b41bc0c6eb712ec0
      size: 1963
      isexec: true
