schema: '2.0'
stages:
  preprocess:
    cmd: python src/data_preprocessing.py
    deps:
    - path: data/raw/global-data-on-sustainable-energy.csv
      hash: md5
      md5: db5ea6ee3f6863fef4d774b54886ac7f
      size: 513817
      isexec: true
    - path: params.yaml
      hash: md5
      md5: ff92f2d7453488c1e8bf8b0e356c2948
      size: 2001
    - path: src/data_preprocessing.py
      hash: md5
      md5: 93baee9fd7cae5b165b50d0dcf56b38d
      size: 7036
    outs:
    - path: artifacts/imputation_values.json
      hash: md5
      md5: 33377879213c198d0efe5dd6e11576b8
      size: 902
    - path: artifacts/ohe_columns.json
      hash: md5
      md5: 69966c74247a0314080228847d0350bb
      size: 4709
    - path: data/preprocessed/global_sustainable_energy_preprocessed2.csv
      hash: md5
      md5: 9281ad7cfc4b813d9e061f042fe46490
      size: 4263522
  feature_engineering:
    cmd: python src/feature_engineering.py --config params.yaml
    deps:
    - path: data/preprocessed/global_sustainable_energy_preprocessed2.csv
      hash: md5
      md5: 9281ad7cfc4b813d9e061f042fe46490
      size: 4263522
    - path: params.yaml
      hash: md5
      md5: ff92f2d7453488c1e8bf8b0e356c2948
      size: 2001
    - path: src/feature_engineering.py
      hash: md5
      md5: 05699bae961a91b9045f12bb430a810a
      size: 3071
    outs:
    - path: artifacts/boxcox_lambdas.json
      hash: md5
      md5: 88ed9abfc51a78b5a2437a75b6aaffd9
      size: 597
    - path: data/processed/test.csv
      hash: md5
      md5: 28cb8f3cc663ee3b5eaf6902859cee8a
      size: 905672
    - path: data/processed/train.csv
      hash: md5
      md5: d90e14b6ab6a12a7a8ed9f3f182a441e
      size: 3614927
  model_building:
    cmd: python src/model_building.py > logs/model_building.log 2>&1
    deps:
    - path: data/preprocessed/test.csv
      hash: md5
      md5: f5d2bfcb449e5c0cda5fe924acceeee9
      size: 905661
      isexec: true
    - path: data/preprocessed/train.csv
      hash: md5
      md5: c584eaa8f7b1bb49933b724ff9ad0a0d
      size: 3614930
      isexec: true
    - path: params.yaml
      hash: md5
      md5: 6312cb5ed23914bb07ee987554902a3f
      size: 1135
      isexec: true
    - path: src/model_building.py
      hash: md5
      md5: 978860d6a7cacf2db28c47f995fbad06
      size: 4801
      isexec: true
    outs:
    - path: model/model.pkl
      hash: md5
      md5: b78cf8e1b0839f78b41bc0c6eb712ec0
      size: 1963
      isexec: true
  train:
    cmd: python src/train.py --config params.yaml
    deps:
    - path: data/processed/test.csv
      hash: md5
      md5: 28cb8f3cc663ee3b5eaf6902859cee8a
      size: 905672
    - path: data/processed/train.csv
      hash: md5
      md5: d90e14b6ab6a12a7a8ed9f3f182a441e
      size: 3614927
    - path: params.yaml
      hash: md5
      md5: ff92f2d7453488c1e8bf8b0e356c2948
      size: 2001
    - path: src/train.py
      hash: md5
      md5: bc65cd40ea96e8c78f84cbb937398f8b
      size: 4976
    outs:
    - path: artifacts/scaler.pkl
      hash: md5
      md5: 87d62e01994ccab83c143320b6643033
      size: 8862
    - path: models_exp
      hash: md5
      md5: 7c08ba31d3b1f92cda05c0e2ccf8c139.dir
      size: 4605352
      nfiles: 3
    - path: reports_exp
      hash: md5
      md5: 5b26e29bed7f84073b250aa7d6705a8c.dir
      size: 1095
      nfiles: 21
  select_best:
    cmd: python src/select_best_model.py --config params.yaml
    deps:
    - path: artifacts/scaler.pkl
      hash: md5
      md5: 87d62e01994ccab83c143320b6643033
      size: 8862
    - path: data/processed/test.csv
      hash: md5
      md5: 28cb8f3cc663ee3b5eaf6902859cee8a
      size: 905672
    - path: models_exp
      hash: md5
      md5: 7c08ba31d3b1f92cda05c0e2ccf8c139.dir
      size: 4605352
      nfiles: 3
    - path: params.yaml
      hash: md5
      md5: ff92f2d7453488c1e8bf8b0e356c2948
      size: 2001
    - path: reports_exp
      hash: md5
      md5: 5b26e29bed7f84073b250aa7d6705a8c.dir
      size: 1095
      nfiles: 21
    - path: src/select_best_model.py
      hash: md5
      md5: 25c83499afbd5db939daca1c773c9786
      size: 6562
    outs:
    - path: model/model.pkl
      hash: md5
      md5: c6d768f3e9ea97fed59515aa7038ffb9
      size: 4601347
    - path: reports/best_model_summary.json
      hash: md5
      md5: a229eb66af7b4ea4c2804122bcde6c12
      size: 209
